
Microsoft Visual Studio Solution File, Format Version 12.00
# Visual Studio Version 16
VisualStudioVersion = 16.0.28922.388
MinimumVisualStudioVersion = 10.0.40219.1
Project("{FAE04EC0-301F-11D3-BF4B-00C04F79EFBC}") = "Solar Sim", "Solar Sim.csproj", "{3D2988F1-C8E4-42EB-84BD-C36346E7E255}"
EndProject
Project("{FAE04EC0-301F-11D3-BF4B-00C04F79EFBC}") = "SlimDXHelpers", "SlimDXHelpers\SlimDXHelpers.csproj", "{7D1D1F90-C80C-49C4-981C-26BCE9C346DA}"
EndProject
Project("{9A19103F-16F7-4668-BE54-9A1E7A4F7556}") = "CPUTestBed", "CPUTestBed\CPUTestBed.csproj", "{9BAB3F48-4ED9-4560-B23B-7DCCDD54DD28}"
EndProject
Global
	GlobalSection(SolutionConfigurationPlatforms) = preSolution
		Debug|Any CPU = Debug|Any CPU
		Debug|x64 = Debug|x64
		Release|Any CPU = Release|Any CPU
		Release|x64 = Release|x64
	EndGlobalSection
	GlobalSection(ProjectConfigurationPlatforms) = postSolution
		{3D2988F1-C8E4-42EB-84BD-C36346E7E255}.Debug|Any CPU.ActiveCfg = Debug|Any CPU
		{3D2988F1-C8E4-42EB-84BD-C36346E7E255}.Debug|Any CPU.Build.0 = Debug|Any CPU
		{3D2988F1-C8E4-42EB-84BD-C36346E7E255}.Debug|x64.ActiveCfg = Debug|x64
		{3D2988F1-C8E4-42EB-84BD-C36346E7E255}.Debug|x64.Build.0 = Debug|x64
		{3D2988F1-C8E4-42EB-84BD-C36346E7E255}.Release|Any CPU.ActiveCfg = Release|Any CPU
		{3D2988F1-C8E4-42EB-84BD-C36346E7E255}.Release|Any CPU.Build.0 = Release|Any CPU
		{3D2988F1-C8E4-42EB-84BD-C36346E7E255}.Release|x64.ActiveCfg = Release|x64
		{3D2988F1-C8E4-42EB-84BD-C36346E7E255}.Release|x64.Build.0 = Release|x64
		{7D1D1F90-C80C-49C4-981C-26BCE9C346DA}.Debug|Any CPU.ActiveCfg = Debug|Any CPU
		{7D1D1F90-C80C-49C4-981C-26BCE9C346DA}.Debug|Any CPU.Build.0 = Debug|Any CPU
		{7D1D1F90-C80C-49C4-981C-26BCE9C346DA}.Debug|x64.ActiveCfg = Debug|Any CPU
		{7D1D1F90-C80C-49C4-981C-26BCE9C346DA}.Debug|x64.Build.0 = Debug|Any CPU
		{7D1D1F90-C80C-49C4-981C-26BCE9C346DA}.Release|Any CPU.ActiveCfg = Release|Any CPU
		{7D1D1F90-C80C-49C4-981C-26BCE9C346DA}.Release|Any CPU.Build.0 = Release|Any CPU
		{7D1D1F90-C80C-49C4-981C-26BCE9C346DA}.Release|x64.ActiveCfg = Release|Any CPU
		{7D1D1F90-C80C-49C4-981C-26BCE9C346DA}.Release|x64.Build.0 = Release|Any CPU
		{9BAB3F48-4ED9-4560-B23B-7DCCDD54DD28}.Debug|Any CPU.ActiveCfg = Debug|Any CPU
		{9BAB3F48-4ED9-4560-B23B-7DCCDD54DD28}.Debug|Any CPU.Build.0 = Debug|Any CPU
		{9BAB3F48-4ED9-4560-B23B-7DCCDD54DD28}.Debug|x64.ActiveCfg = Debug|Any CPU
		{9BAB3F48-4ED9-4560-B23B-7DCCDD54DD28}.Debug|x64.Build.0 = Debug|Any CPU
		{9BAB3F48-4ED9-4560-B23B-7DCCDD54DD28}.Release|Any CPU.ActiveCfg = Release|Any CPU
		{9BAB3F48-4ED9-4560-B23B-7DCCDD54DD28}.Release|Any CPU.Build.0 = Release|Any CPU
		{9BAB3F48-4ED9-4560-B23B-7DCCDD54DD28}.Release|x64.ActiveCfg = Release|Any CPU
		{9BAB3F48-4ED9-4560-B23B-7DCCDD54DD28}.Release|x64.Build.0 = Release|Any CPU
	EndGlobalSection
	GlobalSection(SolutionProperties) = preSolution
		HideSolutionNode = FALSE
	EndGlobalSection
	GlobalSection(ExtensibilityGlobals) = postSolution
		SolutionGuid = {F25A4DC7-0134-4778-AA7D-7F9D32AD0381}
	EndGlobalSection
EndGlobal
